
Microsoft Visual Studio Solution File, Format Version 12.00
# Visual Studio 15
VisualStudioVersion = 15.0.27703.2035
MinimumVisualStudioVersion = 10.0.40219.1
Project("{FAE04EC0-301F-11D3-BF4B-00C04F79EFBC}") = "AggregationAssignment", "AggregationAssignment\AggregationAssignment.csproj", "{1059CA19-96F4-4A32-97DC-DA8AE7C9790B}"
EndProject
Global
	GlobalSection(SolutionConfigurationPlatforms) = preSolution
		Debug|Any CPU = Debug|Any CPU
		Release|Any CPU = Release|Any CPU
	EndGlobalSection
	GlobalSection(ProjectConfigurationPlatforms) = postSolution
		{1059CA19-96F4-4A32-97DC-DA8AE7C9790B}.Debug|Any CPU.ActiveCfg = Debug|Any CPU
		{1059CA19-96F4-4A32-97DC-DA8AE7C9790B}.Debug|Any CPU.Build.0 = Debug|Any CPU
		{1059CA19-96F4-4A32-97DC-DA8AE7C9790B}.Release|Any CPU.ActiveCfg = Release|Any CPU
		{1059CA19-96F4-4A32-97DC-DA8AE7C9790B}.Release|Any CPU.Build.0 = Release|Any CPU
	EndGlobalSection
	GlobalSection(SolutionProperties) = preSolution
		HideSolutionNode = FALSE
	EndGlobalSection
	GlobalSection(ExtensibilityGlobals) = postSolution
		SolutionGuid = {C2233980-5D20-43C3-9745-07ED6C16CCCE}
	EndGlobalSection
EndGlobal
